
Microsoft Visual Studio Solution File, Format Version 12.00
# Visual Studio 15
VisualStudioVersion = 15.0.26730.16
MinimumVisualStudioVersion = 10.0.40219.1
Project("{FAE04EC0-301F-11D3-BF4B-00C04F79EFBC}") = "Sudoku", "Sudoku.csproj", "{BEA444A0-F258-4FC8-BD24-3CA504F5D15B}"
EndProject
Project("{FAE04EC0-301F-11D3-BF4B-00C04F79EFBC}") = "RecursiveSudokuSolver", "..\RecursiveSudokuSolver\RecursiveSudokuSolver.csproj", "{04F5212E-EAD7-44FA-BF32-146AEA31645C}"
EndProject
Global
	GlobalSection(SolutionConfigurationPlatforms) = preSolution
		Debug|Any CPU = Debug|Any CPU
		Release|Any CPU = Release|Any CPU
	EndGlobalSection
	GlobalSection(ProjectConfigurationPlatforms) = postSolution
		{BEA444A0-F258-4FC8-BD24-3CA504F5D15B}.Debug|Any CPU.ActiveCfg = Debug|Any CPU
		{BEA444A0-F258-4FC8-BD24-3CA504F5D15B}.Debug|Any CPU.Build.0 = Debug|Any CPU
		{BEA444A0-F258-4FC8-BD24-3CA504F5D15B}.Release|Any CPU.ActiveCfg = Release|Any CPU
		{BEA444A0-F258-4FC8-BD24-3CA504F5D15B}.Release|Any CPU.Build.0 = Release|Any CPU
		{04F5212E-EAD7-44FA-BF32-146AEA31645C}.Debug|Any CPU.ActiveCfg = Debug|Any CPU
		{04F5212E-EAD7-44FA-BF32-146AEA31645C}.Debug|Any CPU.Build.0 = Debug|Any CPU
		{04F5212E-EAD7-44FA-BF32-146AEA31645C}.Release|Any CPU.ActiveCfg = Release|Any CPU
		{04F5212E-EAD7-44FA-BF32-146AEA31645C}.Release|Any CPU.Build.0 = Release|Any CPU
	EndGlobalSection
	GlobalSection(SolutionProperties) = preSolution
		HideSolutionNode = FALSE
	EndGlobalSection
	GlobalSection(ExtensibilityGlobals) = postSolution
		SolutionGuid = {75BD71D0-BDD2-4DC6-8C78-F2117CA1A8B4}
	EndGlobalSection
EndGlobal
